
Microsoft Visual Studio Solution File, Format Version 12.00
# Visual Studio Version 16
VisualStudioVersion = 16.0.29123.88
MinimumVisualStudioVersion = 10.0.40219.1
Project("{9A19103F-16F7-4668-BE54-9A1E7A4F7556}") = "Library Terminal Mid Term Project", "Libarary Terminal Mid Term Project\Library Terminal Mid Term Project.csproj", "{089C9822-28B6-42EF-8D34-AC8C5ADCD961}"
EndProject
Global
	GlobalSection(SolutionConfigurationPlatforms) = preSolution
		Debug|Any CPU = Debug|Any CPU
		Release|Any CPU = Release|Any CPU
	EndGlobalSection
	GlobalSection(ProjectConfigurationPlatforms) = postSolution
		{089C9822-28B6-42EF-8D34-AC8C5ADCD961}.Debug|Any CPU.ActiveCfg = Debug|Any CPU
		{089C9822-28B6-42EF-8D34-AC8C5ADCD961}.Debug|Any CPU.Build.0 = Debug|Any CPU
		{089C9822-28B6-42EF-8D34-AC8C5ADCD961}.Release|Any CPU.ActiveCfg = Release|Any CPU
		{089C9822-28B6-42EF-8D34-AC8C5ADCD961}.Release|Any CPU.Build.0 = Release|Any CPU
	EndGlobalSection
	GlobalSection(SolutionProperties) = preSolution
		HideSolutionNode = FALSE
	EndGlobalSection
	GlobalSection(ExtensibilityGlobals) = postSolution
		SolutionGuid = {7F8F3138-7AF8-4F5F-BB18-01D0025DDF95}
	EndGlobalSection
EndGlobal
